{
  "version": 4,
  "terraform_version": "1.14.3",
  "serial": 16,
  "lineage": "220c1d5f-8f22-433b-3ce0-485ccd06e2c4",
  "outputs": {
    "deployment_name": {
      "value": "twin-app",
      "type": "string"
    },
    "docker_image": {
      "value": "vincentchrisbone/twin-app:latest",
      "type": "string"
    },
    "environment": {
      "value": "staging",
      "type": "string"
    },
    "health_check_urls": {
      "value": {
        "info": "http://localhost:8080/api/info",
        "liveness": "http://localhost:8080/health",
        "metrics": "http://localhost:8080/metrics",
        "readiness": "http://localhost:8080/health/ready"
      },
      "type": [
        "object",
        {
          "info": "string",
          "liveness": "string",
          "metrics": "string",
          "readiness": "string"
        }
      ]
    },
    "kubectl_logs": {
      "value": "kubectl logs -l app.kubernetes.io/name=twin-app -n twin-app-ns --follow",
      "type": "string"
    },
    "kubectl_port_forward": {
      "value": "kubectl port-forward svc/twin-app 8080:80 -n twin-app-ns",
      "type": "string"
    },
    "minikube_access_command": {
      "value": "minikube service twin-app -n twin-app-ns",
      "type": "string"
    },
    "namespace": {
      "value": "twin-app-ns",
      "type": "string"
    },
    "node_port": {
      "value": "30080",
      "type": "string"
    },
    "postgres_connect_command": {
      "value": "kubectl exec -it -n twin-app-ns $(kubectl get pod -n twin-app-ns -l app.kubernetes.io/name=postgresql -o jsonpath='{.items[0].metadata.name}') -- psql -U appuser -d appdb",
      "type": "string"
    },
    "postgres_service": {
      "value": "postgres-postgresql.twin-app-ns.svc.cluster.local:5432",
      "type": "string"
    },
    "redis_service": {
      "value": "redis-master.twin-app-ns.svc.cluster.local:6379",
      "type": "string"
    },
    "replicas": {
      "value": 1,
      "type": "number"
    },
    "service_name": {
      "value": "twin-app",
      "type": "string"
    },
    "service_type": {
      "value": "NodePort",
      "type": "string"
    }
  },
  "resources": [
    {
      "mode": "managed",
      "type": "helm_release",
      "name": "postgres",
      "provider": "provider[\"registry.terraform.io/hashicorp/helm\"]",
      "instances": [
        {
          "schema_version": 1,
          "attributes": {
            "atomic": false,
            "chart": "postgresql",
            "cleanup_on_fail": true,
            "create_namespace": false,
            "dependency_update": false,
            "description": null,
            "devel": null,
            "disable_crd_hooks": false,
            "disable_openapi_validation": false,
            "disable_webhooks": false,
            "force_update": false,
            "id": "postgres",
            "keyring": null,
            "lint": false,
            "manifest": null,
            "max_history": 0,
            "metadata": [
              {
                "app_version": "18.3.0",
                "chart": "postgresql",
                "first_deployed": 1772549080,
                "last_deployed": 1772549080,
                "name": "postgres",
                "namespace": "twin-app-ns",
                "notes": "\nCHART NAME: postgresql\nCHART VERSION: 18.5.1\nAPP VERSION: 18.3.0\n\n⚠ WARNING: Since August 28th, 2025, only a limited subset of images/charts are available for free.\n    Subscribe to Bitnami Secure Images to receive continued support and security updates.\n    More info at https://bitnami.com and https://github.com/bitnami/containers/issues/83267\n\n** Please be patient while the chart is being deployed **\n\nPostgreSQL can be accessed via port 5432 on the following DNS names from within your cluster:\n\n    postgres-postgresql.twin-app-ns.svc.cluster.local - Read/Write connection\n\nTo get the password for \"postgres\" run:\n\n    export POSTGRES_ADMIN_PASSWORD=$(kubectl get secret --namespace twin-app-ns postgres-postgresql -o jsonpath=\"{.data.postgres-password}\" | base64 -d)\n\nTo get the password for \"appuser\" run:\n\n    export POSTGRES_PASSWORD=$(kubectl get secret --namespace twin-app-ns postgres-postgresql -o jsonpath=\"{.data.password}\" | base64 -d)\n\nTo connect to your database run the following command:\n\n    kubectl run postgres-postgresql-client --rm --tty -i --restart='Never' --namespace twin-app-ns --image registry-1.docker.io/bitnami/postgresql:latest --env=\"PGPASSWORD=$POSTGRES_PASSWORD\" \\\n      --command -- psql --host postgres-postgresql -U appuser -d appdb -p 5432\n\n    \u003e NOTE: If you access the container using bash, make sure that you execute \"/opt/bitnami/scripts/postgresql/entrypoint.sh /bin/bash\" in order to avoid the error \"psql: local user with ID 1001} does not exist\"\n\nTo connect to your database from outside the cluster execute the following commands:\n\n    kubectl port-forward --namespace twin-app-ns svc/postgres-postgresql 5432:5432 \u0026\n    PGPASSWORD=\"$POSTGRES_PASSWORD\" psql --host 127.0.0.1 -U appuser -d appdb -p 5432\n\nWARNING: The configured password will be ignored on new installation in case when previous PostgreSQL release was deleted through the helm command. In that case, old PVC will have an old password, and setting it through helm won't take effect. Deleting persistent volumes (PVs) will solve the issue.\nWARNING: Rolling tag detected (bitnami/postgresql:latest), please note that it is strongly recommended to avoid using rolling tags in a production environment.\n+info https://techdocs.broadcom.com/us/en/vmware-tanzu/bitnami-secure-images/bitnami-secure-images/services/bsi-doc/apps-tutorials-understand-rolling-tags-containers-index.html\nWARNING: Rolling tag detected (bitnami/os-shell:latest), please note that it is strongly recommended to avoid using rolling tags in a production environment.\n+info https://techdocs.broadcom.com/us/en/vmware-tanzu/bitnami-secure-images/bitnami-secure-images/services/bsi-doc/apps-tutorials-understand-rolling-tags-containers-index.html\n\nWARNING: There are \"resources\" sections in the chart not set. Using \"resourcesPreset\" is not recommended for production. For production installations, please set the following values according to your workload needs:\n  - readReplicas.resources\n+info https://kubernetes.io/docs/concepts/configuration/manage-resources-containers/\n",
                "revision": 1,
                "values": "{\"auth\":{\"database\":\"appdb\",\"password\":\"pg@9password\",\"username\":\"appuser\"},\"metrics\":{\"enabled\":false},\"primary\":{\"persistence\":{\"enabled\":true,\"size\":\"1Gi\"},\"resources\":{\"limits\":{\"cpu\":\"500m\",\"memory\":\"512Mi\"},\"requests\":{\"cpu\":\"100m\",\"memory\":\"128Mi\"}}}}",
                "version": "18.5.1"
              }
            ],
            "name": "postgres",
            "namespace": "twin-app-ns",
            "pass_credentials": false,
            "postrender": [],
            "recreate_pods": false,
            "render_subchart_notes": true,
            "replace": false,
            "repository": "oci://registry-1.docker.io/bitnamicharts",
            "repository_ca_file": null,
            "repository_cert_file": null,
            "repository_key_file": null,
            "repository_password": null,
            "repository_username": null,
            "reset_values": false,
            "reuse_values": false,
            "set": [],
            "set_list": [],
            "set_sensitive": [],
            "skip_crds": false,
            "status": "deployed",
            "timeout": 300,
            "upgrade_install": null,
            "values": [
              "\"auth\":\n  \"database\": \"appdb\"\n  \"password\": \"pg@9password\"\n  \"username\": \"appuser\"\n\"metrics\":\n  \"enabled\": false\n\"primary\":\n  \"persistence\":\n    \"enabled\": true\n    \"size\": \"1Gi\"\n  \"resources\":\n    \"limits\":\n      \"cpu\": \"500m\"\n      \"memory\": \"512Mi\"\n    \"requests\":\n      \"cpu\": \"100m\"\n      \"memory\": \"128Mi\"\n"
            ],
            "verify": false,
            "version": "18.5.1",
            "wait": true,
            "wait_for_jobs": true
          },
          "sensitive_attributes": [
            [
              {
                "type": "get_attr",
                "value": "repository_password"
              }
            ],
            [
              {
                "type": "get_attr",
                "value": "values"
              },
              {
                "type": "index",
                "value": {
                  "value": 0,
                  "type": "number"
                }
              }
            ]
          ],
          "identity_schema_version": 0,
          "private": "eyJzY2hlbWFfdmVyc2lvbiI6IjEifQ==",
          "dependencies": [
            "kubernetes_namespace.app"
          ]
        }
      ]
    },
    {
      "mode": "managed",
      "type": "helm_release",
      "name": "redis",
      "provider": "provider[\"registry.terraform.io/hashicorp/helm\"]",
      "instances": [
        {
          "schema_version": 1,
          "attributes": {
            "atomic": false,
            "chart": "redis",
            "cleanup_on_fail": true,
            "create_namespace": false,
            "dependency_update": false,
            "description": null,
            "devel": null,
            "disable_crd_hooks": false,
            "disable_openapi_validation": false,
            "disable_webhooks": false,
            "force_update": false,
            "id": "redis",
            "keyring": null,
            "lint": false,
            "manifest": null,
            "max_history": 0,
            "metadata": [
              {
                "app_version": "8.6.1",
                "chart": "redis",
                "first_deployed": 1772549081,
                "last_deployed": 1772549081,
                "name": "redis",
                "namespace": "twin-app-ns",
                "notes": "CHART NAME: redis\nCHART VERSION: 25.3.2\nAPP VERSION: 8.6.1\n\n⚠ WARNING: Since August 28th, 2025, only a limited subset of images/charts are available for free.\n    Subscribe to Bitnami Secure Images to receive continued support and security updates.\n    More info at https://bitnami.com and https://github.com/bitnami/containers/issues/83267\n\n** Please be patient while the chart is being deployed **\n\nRedis(R) can be accessed via port 6379 on the following DNS name from within your cluster:\n\n    redis-master.twin-app-ns.svc.cluster.local\n\nTo get your password run:\n\n    export REDIS_PASSWORD=$(kubectl get secret --namespace twin-app-ns redis -o jsonpath=\"{.data.redis-password}\" | base64 -d)\n\nTo connect to your Redis(R) server:\n\n1. Run a Redis(R) pod that you can use as a client:\n\n   kubectl run --namespace twin-app-ns redis-client --restart='Never'  --env REDIS_PASSWORD=$REDIS_PASSWORD  --image registry-1.docker.io/bitnami/redis:latest --command -- sleep infinity\n\n   Use the following command to attach to the pod:\n\n   kubectl exec --tty -i redis-client \\\n   --namespace twin-app-ns -- bash\n\n2. Connect using the Redis(R) CLI:\n   REDISCLI_AUTH=\"$REDIS_PASSWORD\" redis-cli -h redis-master\n\nTo connect to your database from outside the cluster execute the following commands:\n\n    kubectl port-forward --namespace twin-app-ns svc/redis-master 6379:6379 \u0026\n    REDISCLI_AUTH=\"$REDIS_PASSWORD\" redis-cli -h 127.0.0.1 -p 6379\nWARNING: Rolling tag detected (bitnami/redis:latest), please note that it is strongly recommended to avoid using rolling tags in a production environment.\n+info https://techdocs.broadcom.com/us/en/vmware-tanzu/bitnami-secure-images/bitnami-secure-images/services/bsi-doc/apps-tutorials-understand-rolling-tags-containers-index.html\nWARNING: Rolling tag detected (bitnami/redis-sentinel:latest), please note that it is strongly recommended to avoid using rolling tags in a production environment.\n+info https://techdocs.broadcom.com/us/en/vmware-tanzu/bitnami-secure-images/bitnami-secure-images/services/bsi-doc/apps-tutorials-understand-rolling-tags-containers-index.html\nWARNING: Rolling tag detected (bitnami/redis-exporter:latest), please note that it is strongly recommended to avoid using rolling tags in a production environment.\n+info https://techdocs.broadcom.com/us/en/vmware-tanzu/bitnami-secure-images/bitnami-secure-images/services/bsi-doc/apps-tutorials-understand-rolling-tags-containers-index.html\nWARNING: Rolling tag detected (bitnami/os-shell:latest), please note that it is strongly recommended to avoid using rolling tags in a production environment.\n+info https://techdocs.broadcom.com/us/en/vmware-tanzu/bitnami-secure-images/bitnami-secure-images/services/bsi-doc/apps-tutorials-understand-rolling-tags-containers-index.html\nWARNING: Rolling tag detected (bitnami/os-shell:latest), please note that it is strongly recommended to avoid using rolling tags in a production environment.\n+info https://techdocs.broadcom.com/us/en/vmware-tanzu/bitnami-secure-images/bitnami-secure-images/services/bsi-doc/apps-tutorials-understand-rolling-tags-containers-index.html\n\nWARNING: There are \"resources\" sections in the chart not set. Using \"resourcesPreset\" is not recommended for production. For production installations, please set the following values according to your workload needs:\n  - replica.resources\n+info https://kubernetes.io/docs/concepts/configuration/manage-resources-containers/\n",
                "revision": 1,
                "values": "{\"architecture\":\"standalone\",\"auth\":{\"enabled\":true,\"password\":\"redis1!pass\"},\"master\":{\"persistence\":{\"enabled\":false},\"resources\":{\"limits\":{\"cpu\":\"250m\",\"memory\":\"128Mi\"},\"requests\":{\"cpu\":\"50m\",\"memory\":\"64Mi\"}}},\"metrics\":{\"enabled\":false}}",
                "version": "25.3.2"
              }
            ],
            "name": "redis",
            "namespace": "twin-app-ns",
            "pass_credentials": false,
            "postrender": [],
            "recreate_pods": false,
            "render_subchart_notes": true,
            "replace": false,
            "repository": "oci://registry-1.docker.io/bitnamicharts",
            "repository_ca_file": null,
            "repository_cert_file": null,
            "repository_key_file": null,
            "repository_password": null,
            "repository_username": null,
            "reset_values": false,
            "reuse_values": false,
            "set": [],
            "set_list": [],
            "set_sensitive": [],
            "skip_crds": false,
            "status": "deployed",
            "timeout": 300,
            "upgrade_install": null,
            "values": [
              "\"architecture\": \"standalone\"\n\"auth\":\n  \"enabled\": true\n  \"password\": \"redis1!pass\"\n\"master\":\n  \"persistence\":\n    \"enabled\": false\n  \"resources\":\n    \"limits\":\n      \"cpu\": \"250m\"\n      \"memory\": \"128Mi\"\n    \"requests\":\n      \"cpu\": \"50m\"\n      \"memory\": \"64Mi\"\n\"metrics\":\n  \"enabled\": false\n"
            ],
            "verify": false,
            "version": "25.3.2",
            "wait": true,
            "wait_for_jobs": true
          },
          "sensitive_attributes": [
            [
              {
                "type": "get_attr",
                "value": "repository_password"
              }
            ],
            [
              {
                "type": "get_attr",
                "value": "values"
              },
              {
                "type": "index",
                "value": {
                  "value": 0,
                  "type": "number"
                }
              }
            ]
          ],
          "identity_schema_version": 0,
          "private": "eyJzY2hlbWFfdmVyc2lvbiI6IjEifQ==",
          "dependencies": [
            "kubernetes_namespace.app"
          ]
        }
      ]
    },
    {
      "mode": "managed",
      "type": "kubernetes_config_map",
      "name": "app",
      "provider": "provider[\"registry.terraform.io/hashicorp/kubernetes\"]",
      "instances": [
        {
          "schema_version": 0,
          "attributes": {
            "binary_data": {},
            "data": {
              "APP_ENV": "staging",
              "APP_PORT": "3000",
              "APP_VERSION": "1.0.0",
              "LOG_LEVEL": "info",
              "NODE_ENV": "development"
            },
            "id": "twin-app-ns/twin-app-config",
            "immutable": false,
            "metadata": [
              {
                "annotations": {
                  "description": "Non-sensitive configuration for twin-app"
                },
                "generate_name": "",
                "generation": 0,
                "labels": {
                  "app.kubernetes.io/component": "backend",
                  "app.kubernetes.io/managed-by": "terraform",
                  "app.kubernetes.io/name": "twin-app",
                  "app.kubernetes.io/version": "1.0.0",
                  "environment": "staging"
                },
                "name": "twin-app-config",
                "namespace": "twin-app-ns",
                "resource_version": "1346",
                "uid": "cbf13087-cc9a-4ea5-b87a-70ff36f5aaba"
              }
            ]
          },
          "sensitive_attributes": [],
          "identity_schema_version": 1,
          "identity": {
            "api_version": "v1",
            "kind": "ConfigMap",
            "name": "twin-app-config",
            "namespace": "twin-app-ns"
          },
          "private": "eyJzY2hlbWFfdmVyc2lvbiI6IjAifQ==",
          "dependencies": [
            "kubernetes_namespace.app"
          ]
        }
      ]
    },
    {
      "mode": "managed",
      "type": "kubernetes_deployment",
      "name": "app",
      "provider": "provider[\"registry.terraform.io/hashicorp/kubernetes\"]",
      "instances": [
        {
          "status": "tainted",
          "schema_version": 1,
          "attributes": {
            "id": "twin-app-ns/twin-app",
            "metadata": [
              {
                "annotations": {
                  "description": "Deployment for twin-app v1.0.0"
                },
                "generate_name": "",
                "generation": 0,
                "labels": {
                  "app.kubernetes.io/component": "backend",
                  "app.kubernetes.io/managed-by": "terraform",
                  "app.kubernetes.io/name": "twin-app",
                  "app.kubernetes.io/version": "1.0.0",
                  "environment": "staging"
                },
                "name": "twin-app",
                "namespace": "twin-app-ns",
                "resource_version": "",
                "uid": ""
              }
            ],
            "spec": [
              {
                "min_ready_seconds": 0,
                "paused": false,
                "progress_deadline_seconds": 600,
                "replicas": "1",
                "revision_history_limit": 10,
                "selector": [
                  {
                    "match_expressions": [],
                    "match_labels": {
                      "app.kubernetes.io/name": "twin-app"
                    }
                  }
                ],
                "strategy": [
                  {
                    "rolling_update": [
                      {
                        "max_surge": "1",
                        "max_unavailable": "0"
                      }
                    ],
                    "type": "RollingUpdate"
                  }
                ],
                "template": [
                  {
                    "metadata": [
                      {
                        "annotations": {
                          "checksum/config": "8f8b8b5920c2c2cd30d59d4bc724a451c7e8addb38aa1f2755fd58c331709f05",
                          "checksum/secret": "a20d44d7f42710cf9390967a56b71ff7a99ecf34504f432bea988ae9b90bd2a5",
                          "prometheus.io/path": "/metrics",
                          "prometheus.io/port": "3000",
                          "prometheus.io/scrape": "true"
                        },
                        "generate_name": "",
                        "generation": 0,
                        "labels": {
                          "app.kubernetes.io/component": "backend",
                          "app.kubernetes.io/managed-by": "terraform",
                          "app.kubernetes.io/name": "twin-app",
                          "app.kubernetes.io/version": "1.0.0",
                          "environment": "staging"
                        },
                        "name": "",
                        "namespace": "",
                        "resource_version": "",
                        "uid": ""
                      }
                    ],
                    "spec": [
                      {
                        "active_deadline_seconds": 0,
                        "affinity": [],
                        "automount_service_account_token": true,
                        "container": [
                          {
                            "args": null,
                            "command": null,
                            "env": [
                              {
                                "name": "POD_NAME",
                                "value": "",
                                "value_from": [
                                  {
                                    "config_map_key_ref": [],
                                    "field_ref": [
                                      {
                                        "api_version": "v1",
                                        "field_path": "metadata.name"
                                      }
                                    ],
                                    "resource_field_ref": [],
                                    "secret_key_ref": []
                                  }
                                ]
                              },
                              {
                                "name": "POD_NAMESPACE",
                                "value": "",
                                "value_from": [
                                  {
                                    "config_map_key_ref": [],
                                    "field_ref": [
                                      {
                                        "api_version": "v1",
                                        "field_path": "metadata.namespace"
                                      }
                                    ],
                                    "resource_field_ref": [],
                                    "secret_key_ref": []
                                  }
                                ]
                              },
                              {
                                "name": "POD_IP",
                                "value": "",
                                "value_from": [
                                  {
                                    "config_map_key_ref": [],
                                    "field_ref": [
                                      {
                                        "api_version": "v1",
                                        "field_path": "status.podIP"
                                      }
                                    ],
                                    "resource_field_ref": [],
                                    "secret_key_ref": []
                                  }
                                ]
                              }
                            ],
                            "env_from": [
                              {
                                "config_map_ref": [
                                  {
                                    "name": "twin-app-config",
                                    "optional": false
                                  }
                                ],
                                "prefix": "",
                                "secret_ref": []
                              },
                              {
                                "config_map_ref": [],
                                "prefix": "",
                                "secret_ref": [
                                  {
                                    "name": "twin-app-secret",
                                    "optional": false
                                  }
                                ]
                              }
                            ],
                            "image": "vincentchrisbone/twin-app:latest",
                            "image_pull_policy": "Always",
                            "lifecycle": [],
                            "liveness_probe": [
                              {
                                "exec": [],
                                "failure_threshold": 3,
                                "grpc": [],
                                "http_get": [
                                  {
                                    "host": "",
                                    "http_header": [],
                                    "path": "/health/live",
                                    "port": "3000",
                                    "scheme": "HTTP"
                                  }
                                ],
                                "initial_delay_seconds": 15,
                                "period_seconds": 20,
                                "success_threshold": 1,
                                "tcp_socket": [],
                                "timeout_seconds": 5
                              }
                            ],
                            "name": "twin-app",
                            "port": [
                              {
                                "container_port": 3000,
                                "host_ip": "",
                                "host_port": 0,
                                "name": "http",
                                "protocol": "TCP"
                              }
                            ],
                            "readiness_probe": [
                              {
                                "exec": [],
                                "failure_threshold": 3,
                                "grpc": [],
                                "http_get": [
                                  {
                                    "host": "",
                                    "http_header": [],
                                    "path": "/health/ready",
                                    "port": "3000",
                                    "scheme": "HTTP"
                                  }
                                ],
                                "initial_delay_seconds": 5,
                                "period_seconds": 10,
                                "success_threshold": 1,
                                "tcp_socket": [],
                                "timeout_seconds": 3
                              }
                            ],
                            "resources": [
                              {
                                "limits": {
                                  "cpu": "250m",
                                  "memory": "256Mi"
                                },
                                "requests": {
                                  "cpu": "50m",
                                  "memory": "64Mi"
                                }
                              }
                            ],
                            "security_context": [
                              {
                                "allow_privilege_escalation": false,
                                "capabilities": [
                                  {
                                    "add": null,
                                    "drop": [
                                      "ALL"
                                    ]
                                  }
                                ],
                                "privileged": false,
                                "read_only_root_filesystem": true,
                                "run_as_group": "",
                                "run_as_non_root": true,
                                "run_as_user": "1001",
                                "se_linux_options": [],
                                "seccomp_profile": []
                              }
                            ],
                            "startup_probe": [
                              {
                                "exec": [],
                                "failure_threshold": 10,
                                "grpc": [],
                                "http_get": [
                                  {
                                    "host": "",
                                    "http_header": [],
                                    "path": "/health",
                                    "port": "3000",
                                    "scheme": "HTTP"
                                  }
                                ],
                                "initial_delay_seconds": 5,
                                "period_seconds": 5,
                                "success_threshold": 1,
                                "tcp_socket": [],
                                "timeout_seconds": 3
                              }
                            ],
                            "stdin": false,
                            "stdin_once": false,
                            "termination_message_path": "/dev/termination-log",
                            "termination_message_policy": "",
                            "tty": false,
                            "volume_device": [],
                            "volume_mount": [
                              {
                                "mount_path": "/tmp",
                                "mount_propagation": "None",
                                "name": "tmp",
                                "read_only": false,
                                "sub_path": "",
                                "sub_path_expr": ""
                              }
                            ],
                            "working_dir": ""
                          }
                        ],
                        "dns_config": [],
                        "dns_policy": "ClusterFirst",
                        "enable_service_links": true,
                        "host_aliases": [],
                        "host_ipc": false,
                        "host_network": false,
                        "host_pid": false,
                        "hostname": "",
                        "image_pull_secrets": [],
                        "init_container": [],
                        "node_name": "",
                        "node_selector": null,
                        "os": [],
                        "priority_class_name": "",
                        "readiness_gate": [],
                        "restart_policy": "Always",
                        "runtime_class_name": "",
                        "scheduler_name": "",
                        "security_context": [
                          {
                            "fs_group": "1001",
                            "fs_group_change_policy": "",
                            "run_as_group": "1001",
                            "run_as_non_root": true,
                            "run_as_user": "1001",
                            "se_linux_options": [],
                            "seccomp_profile": [
                              {
                                "localhost_profile": "",
                                "type": "RuntimeDefault"
                              }
                            ],
                            "supplemental_groups": null,
                            "sysctl": [],
                            "windows_options": []
                          }
                        ],
                        "service_account_name": "",
                        "share_process_namespace": false,
                        "subdomain": "",
                        "termination_grace_period_seconds": 30,
                        "toleration": [],
                        "topology_spread_constraint": [],
                        "volume": [
                          {
                            "aws_elastic_block_store": [],
                            "azure_disk": [],
                            "azure_file": [],
                            "ceph_fs": [],
                            "cinder": [],
                            "config_map": [],
                            "csi": [],
                            "downward_api": [],
                            "empty_dir": [
                              {
                                "medium": null,
                                "size_limit": null
                              }
                            ],
                            "ephemeral": [],
                            "fc": [],
                            "flex_volume": [],
                            "flocker": [],
                            "gce_persistent_disk": [],
                            "git_repo": [],
                            "glusterfs": [],
                            "host_path": [],
                            "iscsi": [],
                            "local": [],
                            "name": "tmp",
                            "nfs": [],
                            "persistent_volume_claim": [],
                            "photon_persistent_disk": [],
                            "projected": [],
                            "quobyte": [],
                            "rbd": [],
                            "secret": [],
                            "vsphere_volume": []
                          }
                        ]
                      }
                    ]
                  }
                ]
              }
            ],
            "timeouts": null,
            "wait_for_rollout": true
          },
          "sensitive_attributes": [
            [
              {
                "type": "get_attr",
                "value": "spec"
              },
              {
                "type": "index",
                "value": {
                  "value": 0,
                  "type": "number"
                }
              },
              {
                "type": "get_attr",
                "value": "template"
              },
              {
                "type": "index",
                "value": {
                  "value": 0,
                  "type": "number"
                }
              },
              {
                "type": "get_attr",
                "value": "metadata"
              },
              {
                "type": "index",
                "value": {
                  "value": 0,
                  "type": "number"
                }
              },
              {
                "type": "get_attr",
                "value": "annotations"
              },
              {
                "type": "index",
                "value": {
                  "value": "checksum/secret",
                  "type": "string"
                }
              }
            ]
          ],
          "identity_schema_version": 1,
          "identity": {
            "api_version": null,
            "kind": null,
            "name": null,
            "namespace": null
          },
          "private": "eyJlMmJmYjczMC1lY2FhLTExZTYtOGY4OC0zNDM2M2JjN2M0YzAiOnsiY3JlYXRlIjo2MDAwMDAwMDAwMDAsImRlbGV0ZSI6NjAwMDAwMDAwMDAwLCJ1cGRhdGUiOjYwMDAwMDAwMDAwMH0sInNjaGVtYV92ZXJzaW9uIjoiMSJ9",
          "dependencies": [
            "helm_release.postgres",
            "helm_release.redis",
            "kubernetes_config_map.app",
            "kubernetes_namespace.app",
            "kubernetes_secret.app"
          ]
        }
      ]
    },
    {
      "mode": "managed",
      "type": "kubernetes_namespace",
      "name": "app",
      "provider": "provider[\"registry.terraform.io/hashicorp/kubernetes\"]",
      "instances": [
        {
          "schema_version": 0,
          "attributes": {
            "id": "twin-app-ns",
            "metadata": [
              {
                "annotations": {
                  "description": "Namespace for twin-app (staging)"
                },
                "generate_name": "",
                "generation": 0,
                "labels": {
                  "app": "twin-app",
                  "environment": "staging",
                  "managed-by": "terraform",
                  "name": "twin-app-ns"
                },
                "name": "twin-app-ns",
                "resource_version": "1343",
                "uid": "5e078665-76b9-4a11-ad2d-82205bf9e458"
              }
            ],
            "timeouts": null,
            "wait_for_default_service_account": null
          },
          "sensitive_attributes": [],
          "identity_schema_version": 1,
          "identity": {
            "api_version": "v1",
            "kind": "Namespace",
            "name": "twin-app-ns"
          },
          "private": "eyJlMmJmYjczMC1lY2FhLTExZTYtOGY4OC0zNDM2M2JjN2M0YzAiOnsiZGVsZXRlIjozMDAwMDAwMDAwMDB9LCJzY2hlbWFfdmVyc2lvbiI6IjAifQ=="
        }
      ]
    },
    {
      "mode": "managed",
      "type": "kubernetes_secret",
      "name": "app",
      "provider": "provider[\"registry.terraform.io/hashicorp/kubernetes\"]",
      "instances": [
        {
          "schema_version": 0,
          "attributes": {
            "binary_data": null,
            "binary_data_wo": null,
            "binary_data_wo_revision": null,
            "data": {
              "DATABASE_URL": "postgresql://appuser:pg@9password@postgres-postgresql.twin-app-ns.svc.cluster.local:5432/appdb",
              "REDIS_URL": "redis://:redis1!pass@redis-master.twin-app-ns.svc.cluster.local:6379"
            },
            "data_wo": null,
            "data_wo_revision": null,
            "id": "twin-app-ns/twin-app-secret",
            "immutable": false,
            "metadata": [
              {
                "annotations": {
                  "description": "Sensitive configuration for twin-app"
                },
                "generate_name": "",
                "generation": 0,
                "labels": {
                  "app.kubernetes.io/component": "backend",
                  "app.kubernetes.io/managed-by": "terraform",
                  "app.kubernetes.io/name": "twin-app",
                  "app.kubernetes.io/version": "1.0.0",
                  "environment": "staging"
                },
                "name": "twin-app-secret",
                "namespace": "twin-app-ns",
                "resource_version": "2812",
                "uid": "5dfe5aaf-2d79-4793-b622-3d6d9f213269"
              }
            ],
            "timeouts": null,
            "type": "Opaque",
            "wait_for_service_account_token": true
          },
          "sensitive_attributes": [
            [
              {
                "type": "get_attr",
                "value": "binary_data"
              }
            ],
            [
              {
                "type": "get_attr",
                "value": "data"
              }
            ],
            [
              {
                "type": "get_attr",
                "value": "data"
              },
              {
                "type": "index",
                "value": {
                  "value": "DATABASE_URL",
                  "type": "string"
                }
              }
            ],
            [
              {
                "type": "get_attr",
                "value": "data"
              },
              {
                "type": "index",
                "value": {
                  "value": "REDIS_URL",
                  "type": "string"
                }
              }
            ]
          ],
          "identity_schema_version": 1,
          "identity": {
            "api_version": "v1",
            "kind": "Secret",
            "name": "twin-app-secret",
            "namespace": "twin-app-ns"
          },
          "private": "eyJlMmJmYjczMC1lY2FhLTExZTYtOGY4OC0zNDM2M2JjN2M0YzAiOnsiY3JlYXRlIjo2MDAwMDAwMDAwMH19",
          "dependencies": [
            "helm_release.postgres",
            "helm_release.redis",
            "kubernetes_namespace.app"
          ]
        }
      ]
    }
  ],
  "check_results": [
    {
      "object_kind": "var",
      "config_addr": "var.replicas",
      "status": "pass",
      "objects": [
        {
          "object_addr": "var.replicas",
          "status": "pass"
        }
      ]
    },
    {
      "object_kind": "var",
      "config_addr": "var.service_type",
      "status": "pass",
      "objects": [
        {
          "object_addr": "var.service_type",
          "status": "pass"
        }
      ]
    },
    {
      "object_kind": "var",
      "config_addr": "var.app_env",
      "status": "pass",
      "objects": [
        {
          "object_addr": "var.app_env",
          "status": "pass"
        }
      ]
    },
    {
      "object_kind": "var",
      "config_addr": "var.image_pull_policy",
      "status": "pass",
      "objects": [
        {
          "object_addr": "var.image_pull_policy",
          "status": "pass"
        }
      ]
    }
  ]
}
